
Microsoft Visual Studio Solution File, Format Version 12.00
# Visual Studio Version 16
VisualStudioVersion = 16.0.30717.126
MinimumVisualStudioVersion = 10.0.40219.1
Project("{9A19103F-16F7-4668-BE54-9A1E7A4F7556}") = "HtmlBuilder", "HtmlBuilder\HtmlBuilder.csproj", "{F2CE06CA-61FB-425F-8911-5AACD87644B2}"
EndProject
Project("{FAE04EC0-301F-11D3-BF4B-00C04F79EFBC}") = "HtmlBuilderTests", "HtmlBuilderTests\HtmlBuilderTests.csproj", "{07DF1B9C-392F-47D2-B6F1-B8F1DE5CCA6F}"
EndProject
Global
	GlobalSection(SolutionConfigurationPlatforms) = preSolution
		Debug|Any CPU = Debug|Any CPU
		Release|Any CPU = Release|Any CPU
	EndGlobalSection
	GlobalSection(ProjectConfigurationPlatforms) = postSolution
		{F2CE06CA-61FB-425F-8911-5AACD87644B2}.Debug|Any CPU.ActiveCfg = Debug|Any CPU
		{F2CE06CA-61FB-425F-8911-5AACD87644B2}.Debug|Any CPU.Build.0 = Debug|Any CPU
		{F2CE06CA-61FB-425F-8911-5AACD87644B2}.Release|Any CPU.ActiveCfg = Release|Any CPU
		{F2CE06CA-61FB-425F-8911-5AACD87644B2}.Release|Any CPU.Build.0 = Release|Any CPU
		{07DF1B9C-392F-47D2-B6F1-B8F1DE5CCA6F}.Debug|Any CPU.ActiveCfg = Debug|Any CPU
		{07DF1B9C-392F-47D2-B6F1-B8F1DE5CCA6F}.Debug|Any CPU.Build.0 = Debug|Any CPU
		{07DF1B9C-392F-47D2-B6F1-B8F1DE5CCA6F}.Release|Any CPU.ActiveCfg = Release|Any CPU
		{07DF1B9C-392F-47D2-B6F1-B8F1DE5CCA6F}.Release|Any CPU.Build.0 = Release|Any CPU
	EndGlobalSection
	GlobalSection(SolutionProperties) = preSolution
		HideSolutionNode = FALSE
	EndGlobalSection
	GlobalSection(ExtensibilityGlobals) = postSolution
		SolutionGuid = {DC6645EE-211B-4C1F-9D7E-B8D84C96C7F2}
	EndGlobalSection
EndGlobal
